{
  "requires": true,
  "lockfileVersion": 1,
  "dependencies": {
    "menuitem": {
      "version": "0.0.5",
      "resolved": "https://registry.npmjs.org/menuitem/-/menuitem-0.0.5.tgz",
      "integrity": "sha512-TgYVIRuQeOD4FxWctnoVbgXOTj2ljb95SVbO58sv6B8CSeFPKzmWOVjkhNlQzrhuv3uIS4ipPr5DzYDznHKNPQ==",
      "requires": {
        "pathfinder": "git+https://github.com/OverByThere/addon-pathfinder.git"
      }
    },
    "pathfinder": {
      "version": "git+https://github.com/OverByThere/addon-pathfinder.git#ad71927413b726023f93888227b6bab32e913231",
      "from": "git+https://github.com/OverByThere/addon-pathfinder.git"
    }
  }
}
